
Microsoft Visual Studio Solution File, Format Version 12.00
# Visual Studio 15
VisualStudioVersion = 15.0.28010.2003
MinimumVisualStudioVersion = 10.0.40219.1
Project("{2150E333-8FDC-42A3-9474-1A3956D46DE8}") = "src", "src", "{1F95C637-F89D-4BA6-B5B7-06CD823B2092}"
EndProject
Project("{2150E333-8FDC-42A3-9474-1A3956D46DE8}") = "test", "test", "{DC14ED23-41F2-402E-82C9-C2AC9BCBB5B2}"
EndProject
Project("{9A19103F-16F7-4668-BE54-9A1E7A4F7556}") = "Application", "src\Application\Application.csproj", "{71017F3E-E3E5-4868-9216-D5F5D84FC1F0}"
EndProject
Project("{9A19103F-16F7-4668-BE54-9A1E7A4F7556}") = "Domain", "src\Domain\Domain.csproj", "{E9CF6B9E-AAC5-4629-B8D0-D026D6FFAA45}"
EndProject
Project("{9A19103F-16F7-4668-BE54-9A1E7A4F7556}") = "Infrastructure", "src\Infrastructure\Infrastructure.csproj", "{E73E16D6-9D32-4B56-A42B-F3B0F7893299}"
EndProject
Project("{9A19103F-16F7-4668-BE54-9A1E7A4F7556}") = "Web.Mvc", "src\Web.Mvc\Web.Mvc.csproj", "{9C79CBD0-D986-4AEE-96A3-DB3CAFBCBBE6}"
EndProject
Project("{9A19103F-16F7-4668-BE54-9A1E7A4F7556}") = "DFTest", "test\DFTest\DFTest.csproj", "{33E5EEF7-A7B5-4171-8FA8-D85F91555E30}"
EndProject
Project("{9A19103F-16F7-4668-BE54-9A1E7A4F7556}") = "Web.Host", "src\Web.Host\Web.Host.csproj", "{FAACBD9E-0094-4BCF-9872-FF12F715DC97}"
EndProject
Global
	GlobalSection(SolutionConfigurationPlatforms) = preSolution
		Debug|Any CPU = Debug|Any CPU
		Release|Any CPU = Release|Any CPU
	EndGlobalSection
	GlobalSection(ProjectConfigurationPlatforms) = postSolution
		{71017F3E-E3E5-4868-9216-D5F5D84FC1F0}.Debug|Any CPU.ActiveCfg = Debug|Any CPU
		{71017F3E-E3E5-4868-9216-D5F5D84FC1F0}.Debug|Any CPU.Build.0 = Debug|Any CPU
		{71017F3E-E3E5-4868-9216-D5F5D84FC1F0}.Release|Any CPU.ActiveCfg = Release|Any CPU
		{71017F3E-E3E5-4868-9216-D5F5D84FC1F0}.Release|Any CPU.Build.0 = Release|Any CPU
		{E9CF6B9E-AAC5-4629-B8D0-D026D6FFAA45}.Debug|Any CPU.ActiveCfg = Debug|Any CPU
		{E9CF6B9E-AAC5-4629-B8D0-D026D6FFAA45}.Debug|Any CPU.Build.0 = Debug|Any CPU
		{E9CF6B9E-AAC5-4629-B8D0-D026D6FFAA45}.Release|Any CPU.ActiveCfg = Release|Any CPU
		{E9CF6B9E-AAC5-4629-B8D0-D026D6FFAA45}.Release|Any CPU.Build.0 = Release|Any CPU
		{E73E16D6-9D32-4B56-A42B-F3B0F7893299}.Debug|Any CPU.ActiveCfg = Debug|Any CPU
		{E73E16D6-9D32-4B56-A42B-F3B0F7893299}.Debug|Any CPU.Build.0 = Debug|Any CPU
		{E73E16D6-9D32-4B56-A42B-F3B0F7893299}.Release|Any CPU.ActiveCfg = Release|Any CPU
		{E73E16D6-9D32-4B56-A42B-F3B0F7893299}.Release|Any CPU.Build.0 = Release|Any CPU
		{9C79CBD0-D986-4AEE-96A3-DB3CAFBCBBE6}.Debug|Any CPU.ActiveCfg = Debug|Any CPU
		{9C79CBD0-D986-4AEE-96A3-DB3CAFBCBBE6}.Debug|Any CPU.Build.0 = Debug|Any CPU
		{9C79CBD0-D986-4AEE-96A3-DB3CAFBCBBE6}.Release|Any CPU.ActiveCfg = Release|Any CPU
		{9C79CBD0-D986-4AEE-96A3-DB3CAFBCBBE6}.Release|Any CPU.Build.0 = Release|Any CPU
		{33E5EEF7-A7B5-4171-8FA8-D85F91555E30}.Debug|Any CPU.ActiveCfg = Debug|Any CPU
		{33E5EEF7-A7B5-4171-8FA8-D85F91555E30}.Debug|Any CPU.Build.0 = Debug|Any CPU
		{33E5EEF7-A7B5-4171-8FA8-D85F91555E30}.Release|Any CPU.ActiveCfg = Release|Any CPU
		{33E5EEF7-A7B5-4171-8FA8-D85F91555E30}.Release|Any CPU.Build.0 = Release|Any CPU
		{FAACBD9E-0094-4BCF-9872-FF12F715DC97}.Debug|Any CPU.ActiveCfg = Debug|Any CPU
		{FAACBD9E-0094-4BCF-9872-FF12F715DC97}.Debug|Any CPU.Build.0 = Debug|Any CPU
		{FAACBD9E-0094-4BCF-9872-FF12F715DC97}.Release|Any CPU.ActiveCfg = Release|Any CPU
		{FAACBD9E-0094-4BCF-9872-FF12F715DC97}.Release|Any CPU.Build.0 = Release|Any CPU
	EndGlobalSection
	GlobalSection(SolutionProperties) = preSolution
		HideSolutionNode = FALSE
	EndGlobalSection
	GlobalSection(NestedProjects) = preSolution
		{71017F3E-E3E5-4868-9216-D5F5D84FC1F0} = {1F95C637-F89D-4BA6-B5B7-06CD823B2092}
		{E9CF6B9E-AAC5-4629-B8D0-D026D6FFAA45} = {1F95C637-F89D-4BA6-B5B7-06CD823B2092}
		{E73E16D6-9D32-4B56-A42B-F3B0F7893299} = {1F95C637-F89D-4BA6-B5B7-06CD823B2092}
		{9C79CBD0-D986-4AEE-96A3-DB3CAFBCBBE6} = {1F95C637-F89D-4BA6-B5B7-06CD823B2092}
		{33E5EEF7-A7B5-4171-8FA8-D85F91555E30} = {DC14ED23-41F2-402E-82C9-C2AC9BCBB5B2}
		{FAACBD9E-0094-4BCF-9872-FF12F715DC97} = {1F95C637-F89D-4BA6-B5B7-06CD823B2092}
	EndGlobalSection
	GlobalSection(ExtensibilityGlobals) = postSolution
		SolutionGuid = {FA26A1DD-B133-491F-9CCB-B86FF6E119DF}
	EndGlobalSection
EndGlobal
