
Microsoft Visual Studio Solution File, Format Version 12.00
# Visual Studio 15
VisualStudioVersion = 15.0.28010.2003
MinimumVisualStudioVersion = 10.0.40219.1
Project("{9A19103F-16F7-4668-BE54-9A1E7A4F7556}") = "Web.Mvc", "Web.Mvc\Web.Mvc.csproj", "{D3C64D27-CE48-41E6-8A87-B94AB314D804}"
EndProject
Project("{9A19103F-16F7-4668-BE54-9A1E7A4F7556}") = "Infrastructure", "Infrastructure\Infrastructure.csproj", "{92074013-D800-4FB5-B713-93A473A38932}"
EndProject
Project("{9A19103F-16F7-4668-BE54-9A1E7A4F7556}") = "Application", "Application\Application.csproj", "{4EE72AB1-D7C0-4800-8121-D7329EA85BA0}"
EndProject
Project("{9A19103F-16F7-4668-BE54-9A1E7A4F7556}") = "Domain", "Domain\Domain.csproj", "{97D6D720-0C87-452B-8010-5044554FBAAB}"
EndProject
Project("{2150E333-8FDC-42A3-9474-1A3956D46DE8}") = "src", "src", "{1F95C637-F89D-4BA6-B5B7-06CD823B2092}"
EndProject
Project("{2150E333-8FDC-42A3-9474-1A3956D46DE8}") = "test", "test", "{DC14ED23-41F2-402E-82C9-C2AC9BCBB5B2}"
EndProject
Project("{9A19103F-16F7-4668-BE54-9A1E7A4F7556}") = "DFTest", "DFTest\DFTest.csproj", "{22A7F666-B0C6-42C4-9D33-D460308CFD72}"
EndProject
Global
	GlobalSection(SolutionConfigurationPlatforms) = preSolution
		Debug|Any CPU = Debug|Any CPU
		Release|Any CPU = Release|Any CPU
	EndGlobalSection
	GlobalSection(ProjectConfigurationPlatforms) = postSolution
		{D3C64D27-CE48-41E6-8A87-B94AB314D804}.Debug|Any CPU.ActiveCfg = Debug|Any CPU
		{D3C64D27-CE48-41E6-8A87-B94AB314D804}.Debug|Any CPU.Build.0 = Debug|Any CPU
		{D3C64D27-CE48-41E6-8A87-B94AB314D804}.Release|Any CPU.ActiveCfg = Release|Any CPU
		{D3C64D27-CE48-41E6-8A87-B94AB314D804}.Release|Any CPU.Build.0 = Release|Any CPU
		{92074013-D800-4FB5-B713-93A473A38932}.Debug|Any CPU.ActiveCfg = Debug|Any CPU
		{92074013-D800-4FB5-B713-93A473A38932}.Debug|Any CPU.Build.0 = Debug|Any CPU
		{92074013-D800-4FB5-B713-93A473A38932}.Release|Any CPU.ActiveCfg = Release|Any CPU
		{92074013-D800-4FB5-B713-93A473A38932}.Release|Any CPU.Build.0 = Release|Any CPU
		{4EE72AB1-D7C0-4800-8121-D7329EA85BA0}.Debug|Any CPU.ActiveCfg = Debug|Any CPU
		{4EE72AB1-D7C0-4800-8121-D7329EA85BA0}.Debug|Any CPU.Build.0 = Debug|Any CPU
		{4EE72AB1-D7C0-4800-8121-D7329EA85BA0}.Release|Any CPU.ActiveCfg = Release|Any CPU
		{4EE72AB1-D7C0-4800-8121-D7329EA85BA0}.Release|Any CPU.Build.0 = Release|Any CPU
		{97D6D720-0C87-452B-8010-5044554FBAAB}.Debug|Any CPU.ActiveCfg = Debug|Any CPU
		{97D6D720-0C87-452B-8010-5044554FBAAB}.Debug|Any CPU.Build.0 = Debug|Any CPU
		{97D6D720-0C87-452B-8010-5044554FBAAB}.Release|Any CPU.ActiveCfg = Release|Any CPU
		{97D6D720-0C87-452B-8010-5044554FBAAB}.Release|Any CPU.Build.0 = Release|Any CPU
		{22A7F666-B0C6-42C4-9D33-D460308CFD72}.Debug|Any CPU.ActiveCfg = Debug|Any CPU
		{22A7F666-B0C6-42C4-9D33-D460308CFD72}.Debug|Any CPU.Build.0 = Debug|Any CPU
		{22A7F666-B0C6-42C4-9D33-D460308CFD72}.Release|Any CPU.ActiveCfg = Release|Any CPU
		{22A7F666-B0C6-42C4-9D33-D460308CFD72}.Release|Any CPU.Build.0 = Release|Any CPU
	EndGlobalSection
	GlobalSection(SolutionProperties) = preSolution
		HideSolutionNode = FALSE
	EndGlobalSection
	GlobalSection(NestedProjects) = preSolution
		{D3C64D27-CE48-41E6-8A87-B94AB314D804} = {1F95C637-F89D-4BA6-B5B7-06CD823B2092}
		{92074013-D800-4FB5-B713-93A473A38932} = {1F95C637-F89D-4BA6-B5B7-06CD823B2092}
		{4EE72AB1-D7C0-4800-8121-D7329EA85BA0} = {1F95C637-F89D-4BA6-B5B7-06CD823B2092}
		{97D6D720-0C87-452B-8010-5044554FBAAB} = {1F95C637-F89D-4BA6-B5B7-06CD823B2092}
		{22A7F666-B0C6-42C4-9D33-D460308CFD72} = {DC14ED23-41F2-402E-82C9-C2AC9BCBB5B2}
	EndGlobalSection
	GlobalSection(ExtensibilityGlobals) = postSolution
		SolutionGuid = {FA26A1DD-B133-491F-9CCB-B86FF6E119DF}
	EndGlobalSection
EndGlobal
